
Microsoft Visual Studio Solution File, Format Version 12.00
# Visual Studio Version 17
VisualStudioVersion = 17.9.34321.82
MinimumVisualStudioVersion = 10.0.40219.1
Project("{2150E333-8FDC-42A3-9474-1A3956D46DE8}") = "Solution Items", "Solution Items", "{22CED42A-3C4C-4282-BB23-2B999492A3F5}"
	ProjectSection(SolutionItems) = preProject
		.editorconfig = .editorconfig
		Configuration.props = Configuration.props
		Configuration.props.user = Configuration.props.user
		Directory.Build.props = Directory.Build.props
	EndProjectSection
EndProject
Project("{9A19103F-16F7-4668-BE54-9A1E7A4F7556}") = "PluginManager", "PluginManager\PluginManager.csproj", "{E10547D0-B54A-484A-BD7B-6A9271788A9C}"
EndProject
Project("{9A19103F-16F7-4668-BE54-9A1E7A4F7556}") = "Nickel", "Nickel\Nickel.csproj", "{B11A6D4A-E91B-48BF-BA1E-18AC40EFFA0A}"
EndProject
Project("{9A19103F-16F7-4668-BE54-9A1E7A4F7556}") = "NickelLauncher", "NickelLauncher\NickelLauncher.csproj", "{067179C4-512A-4602-BD10-ADDC8F86AA0A}"
EndProject
Project("{FAE04EC0-301F-11D3-BF4B-00C04F79EFBC}") = "PluginManager.Cecil", "PluginManager.Cecil\PluginManager.Cecil.csproj", "{0267A231-613F-45B5-8171-6FBB242F30AC}"
EndProject
Global
	GlobalSection(SolutionConfigurationPlatforms) = preSolution
		Debug|Any CPU = Debug|Any CPU
		Release|Any CPU = Release|Any CPU
	EndGlobalSection
	GlobalSection(ProjectConfigurationPlatforms) = postSolution
		{E10547D0-B54A-484A-BD7B-6A9271788A9C}.Debug|Any CPU.ActiveCfg = Debug|Any CPU
		{E10547D0-B54A-484A-BD7B-6A9271788A9C}.Debug|Any CPU.Build.0 = Debug|Any CPU
		{E10547D0-B54A-484A-BD7B-6A9271788A9C}.Release|Any CPU.ActiveCfg = Release|Any CPU
		{E10547D0-B54A-484A-BD7B-6A9271788A9C}.Release|Any CPU.Build.0 = Release|Any CPU
		{B11A6D4A-E91B-48BF-BA1E-18AC40EFFA0A}.Debug|Any CPU.ActiveCfg = Debug|Any CPU
		{B11A6D4A-E91B-48BF-BA1E-18AC40EFFA0A}.Debug|Any CPU.Build.0 = Debug|Any CPU
		{B11A6D4A-E91B-48BF-BA1E-18AC40EFFA0A}.Release|Any CPU.ActiveCfg = Release|Any CPU
		{B11A6D4A-E91B-48BF-BA1E-18AC40EFFA0A}.Release|Any CPU.Build.0 = Release|Any CPU
		{067179C4-512A-4602-BD10-ADDC8F86AA0A}.Debug|Any CPU.ActiveCfg = Debug|Any CPU
		{067179C4-512A-4602-BD10-ADDC8F86AA0A}.Debug|Any CPU.Build.0 = Debug|Any CPU
		{067179C4-512A-4602-BD10-ADDC8F86AA0A}.Release|Any CPU.ActiveCfg = Release|Any CPU
		{067179C4-512A-4602-BD10-ADDC8F86AA0A}.Release|Any CPU.Build.0 = Release|Any CPU
		{0267A231-613F-45B5-8171-6FBB242F30AC}.Debug|Any CPU.ActiveCfg = Debug|Any CPU
		{0267A231-613F-45B5-8171-6FBB242F30AC}.Debug|Any CPU.Build.0 = Debug|Any CPU
		{0267A231-613F-45B5-8171-6FBB242F30AC}.Release|Any CPU.ActiveCfg = Release|Any CPU
		{0267A231-613F-45B5-8171-6FBB242F30AC}.Release|Any CPU.Build.0 = Release|Any CPU
	EndGlobalSection
	GlobalSection(SolutionProperties) = preSolution
		HideSolutionNode = FALSE
	EndGlobalSection
	GlobalSection(ExtensibilityGlobals) = postSolution
		SolutionGuid = {EC90FEA3-909D-4BA8-BC7A-19A848FC4567}
	EndGlobalSection
EndGlobal
