
Microsoft Visual Studio Solution File, Format Version 12.00
# Visual Studio Version 17
VisualStudioVersion = 17.9.34321.82
MinimumVisualStudioVersion = 10.0.40219.1
Project("{2150E333-8FDC-42A3-9474-1A3956D46DE8}") = "Solution Items", "Solution Items", "{22CED42A-3C4C-4282-BB23-2B999492A3F5}"
	ProjectSection(SolutionItems) = preProject
		.editorconfig = .editorconfig
		app.manifest = app.manifest
		Configuration.props = Configuration.props
		Configuration.props.user = Configuration.props.user
		Directory.Build.props = Directory.Build.props
	EndProjectSection
EndProject
Project("{9A19103F-16F7-4668-BE54-9A1E7A4F7556}") = "Nickel", "Nickel\Nickel.csproj", "{B11A6D4A-E91B-48BF-BA1E-18AC40EFFA0A}"
EndProject
Project("{9A19103F-16F7-4668-BE54-9A1E7A4F7556}") = "NickelLauncher", "NickelLauncher\NickelLauncher.csproj", "{067179C4-512A-4602-BD10-ADDC8F86AA0A}"
EndProject
Project("{9A19103F-16F7-4668-BE54-9A1E7A4F7556}") = "NickelCommon", "NickelCommon\NickelCommon.csproj", "{5D7A8A7A-CE0A-49A3-A9B8-F09116C540DF}"
EndProject
Project("{9A19103F-16F7-4668-BE54-9A1E7A4F7556}") = "PluginManager", "PluginManager\PluginManager.csproj", "{E10547D0-B54A-484A-BD7B-6A9271788A9C}"
EndProject
Project("{9A19103F-16F7-4668-BE54-9A1E7A4F7556}") = "PluginManager.Cecil", "PluginManager.Cecil\PluginManager.Cecil.csproj", "{0267A231-613F-45B5-8171-6FBB242F30AC}"
EndProject
Project("{9A19103F-16F7-4668-BE54-9A1E7A4F7556}") = "ModBuildConfig", "ModBuildConfig\ModBuildConfig.csproj", "{9240D306-36C9-4245-90BD-1954A31994C8}"
EndProject
Project("{9A19103F-16F7-4668-BE54-9A1E7A4F7556}") = "CobaltCoreModding.Definitions", "LegacyModLoader\CobaltCoreModding.Definitions\CobaltCoreModding.Definitions.csproj", "{C27B6030-7813-4B04-8398-E8C7347E01AB}"
EndProject
Project("{9A19103F-16F7-4668-BE54-9A1E7A4F7556}") = "PluginManager.Tests", "PluginManager.Tests\PluginManager.Tests.csproj", "{28D842D3-14DC-49CB-AE43-1918A25286C4}"
EndProject
Project("{9A19103F-16F7-4668-BE54-9A1E7A4F7556}") = "Essentials", "Essentials\Essentials.csproj", "{6085F930-E08A-4D7A-B3B3-BC97BE20B32E}"
EndProject
Project("{9A19103F-16F7-4668-BE54-9A1E7A4F7556}") = "Nickel.Legacy", "Nickel.Legacy\Nickel.Legacy.csproj", "{8BE07DC0-82B2-4DED-9FAF-2C7585B4C6E5}"
EndProject
Project("{9A19103F-16F7-4668-BE54-9A1E7A4F7556}") = "Nickel.UpdateChecks", "Nickel.UpdateChecks\Nickel.UpdateChecks.csproj", "{052D5FC7-6884-45ED-81CD-53A8C0058F80}"
EndProject
Project("{9A19103F-16F7-4668-BE54-9A1E7A4F7556}") = "Nickel.UpdateChecks.NexusMods", "Nickel.UpdateChecks.NexusMods\Nickel.UpdateChecks.NexusMods.csproj", "{05E04778-EF8A-49A2-9A70-957556BACE07}"
EndProject
Project("{9A19103F-16F7-4668-BE54-9A1E7A4F7556}") = "Nickel.UpdateChecks.GitHub", "Nickel.UpdateChecks.GitHub\Nickel.UpdateChecks.GitHub.csproj", "{016B049E-409A-44A6-A1CF-E2E7B573420F}"
EndProject
Project("{FAE04EC0-301F-11D3-BF4B-00C04F79EFBC}") = "Nickel.ModSettings", "Nickel.ModSettings\Nickel.ModSettings.csproj", "{FF7A657E-4BB6-4C93-B43A-EA184D355520}"
EndProject
Global
	GlobalSection(SolutionConfigurationPlatforms) = preSolution
		Debug|Any CPU = Debug|Any CPU
		Release|Any CPU = Release|Any CPU
	EndGlobalSection
	GlobalSection(ProjectConfigurationPlatforms) = postSolution
		{B11A6D4A-E91B-48BF-BA1E-18AC40EFFA0A}.Debug|Any CPU.ActiveCfg = Debug|Any CPU
		{B11A6D4A-E91B-48BF-BA1E-18AC40EFFA0A}.Debug|Any CPU.Build.0 = Debug|Any CPU
		{B11A6D4A-E91B-48BF-BA1E-18AC40EFFA0A}.Release|Any CPU.ActiveCfg = Release|Any CPU
		{B11A6D4A-E91B-48BF-BA1E-18AC40EFFA0A}.Release|Any CPU.Build.0 = Release|Any CPU
		{067179C4-512A-4602-BD10-ADDC8F86AA0A}.Debug|Any CPU.ActiveCfg = Debug|Any CPU
		{067179C4-512A-4602-BD10-ADDC8F86AA0A}.Debug|Any CPU.Build.0 = Debug|Any CPU
		{067179C4-512A-4602-BD10-ADDC8F86AA0A}.Release|Any CPU.ActiveCfg = Release|Any CPU
		{067179C4-512A-4602-BD10-ADDC8F86AA0A}.Release|Any CPU.Build.0 = Release|Any CPU
		{5D7A8A7A-CE0A-49A3-A9B8-F09116C540DF}.Debug|Any CPU.ActiveCfg = Debug|Any CPU
		{5D7A8A7A-CE0A-49A3-A9B8-F09116C540DF}.Debug|Any CPU.Build.0 = Debug|Any CPU
		{5D7A8A7A-CE0A-49A3-A9B8-F09116C540DF}.Release|Any CPU.ActiveCfg = Release|Any CPU
		{5D7A8A7A-CE0A-49A3-A9B8-F09116C540DF}.Release|Any CPU.Build.0 = Release|Any CPU
		{E10547D0-B54A-484A-BD7B-6A9271788A9C}.Debug|Any CPU.ActiveCfg = Debug|Any CPU
		{E10547D0-B54A-484A-BD7B-6A9271788A9C}.Debug|Any CPU.Build.0 = Debug|Any CPU
		{E10547D0-B54A-484A-BD7B-6A9271788A9C}.Release|Any CPU.ActiveCfg = Release|Any CPU
		{E10547D0-B54A-484A-BD7B-6A9271788A9C}.Release|Any CPU.Build.0 = Release|Any CPU
		{0267A231-613F-45B5-8171-6FBB242F30AC}.Debug|Any CPU.ActiveCfg = Debug|Any CPU
		{0267A231-613F-45B5-8171-6FBB242F30AC}.Debug|Any CPU.Build.0 = Debug|Any CPU
		{0267A231-613F-45B5-8171-6FBB242F30AC}.Release|Any CPU.ActiveCfg = Release|Any CPU
		{0267A231-613F-45B5-8171-6FBB242F30AC}.Release|Any CPU.Build.0 = Release|Any CPU
		{9240D306-36C9-4245-90BD-1954A31994C8}.Debug|Any CPU.ActiveCfg = Debug|Any CPU
		{9240D306-36C9-4245-90BD-1954A31994C8}.Debug|Any CPU.Build.0 = Debug|Any CPU
		{9240D306-36C9-4245-90BD-1954A31994C8}.Release|Any CPU.ActiveCfg = Release|Any CPU
		{9240D306-36C9-4245-90BD-1954A31994C8}.Release|Any CPU.Build.0 = Release|Any CPU
		{C27B6030-7813-4B04-8398-E8C7347E01AB}.Debug|Any CPU.ActiveCfg = Debug|Any CPU
		{C27B6030-7813-4B04-8398-E8C7347E01AB}.Debug|Any CPU.Build.0 = Debug|Any CPU
		{C27B6030-7813-4B04-8398-E8C7347E01AB}.Release|Any CPU.ActiveCfg = Release|Any CPU
		{C27B6030-7813-4B04-8398-E8C7347E01AB}.Release|Any CPU.Build.0 = Release|Any CPU
		{28D842D3-14DC-49CB-AE43-1918A25286C4}.Debug|Any CPU.ActiveCfg = Debug|Any CPU
		{28D842D3-14DC-49CB-AE43-1918A25286C4}.Debug|Any CPU.Build.0 = Debug|Any CPU
		{28D842D3-14DC-49CB-AE43-1918A25286C4}.Release|Any CPU.ActiveCfg = Release|Any CPU
		{28D842D3-14DC-49CB-AE43-1918A25286C4}.Release|Any CPU.Build.0 = Release|Any CPU
		{6085F930-E08A-4D7A-B3B3-BC97BE20B32E}.Debug|Any CPU.ActiveCfg = Debug|Any CPU
		{6085F930-E08A-4D7A-B3B3-BC97BE20B32E}.Debug|Any CPU.Build.0 = Debug|Any CPU
		{6085F930-E08A-4D7A-B3B3-BC97BE20B32E}.Release|Any CPU.ActiveCfg = Release|Any CPU
		{6085F930-E08A-4D7A-B3B3-BC97BE20B32E}.Release|Any CPU.Build.0 = Release|Any CPU
		{8BE07DC0-82B2-4DED-9FAF-2C7585B4C6E5}.Debug|Any CPU.ActiveCfg = Debug|Any CPU
		{8BE07DC0-82B2-4DED-9FAF-2C7585B4C6E5}.Debug|Any CPU.Build.0 = Debug|Any CPU
		{8BE07DC0-82B2-4DED-9FAF-2C7585B4C6E5}.Release|Any CPU.ActiveCfg = Release|Any CPU
		{8BE07DC0-82B2-4DED-9FAF-2C7585B4C6E5}.Release|Any CPU.Build.0 = Release|Any CPU
		{052D5FC7-6884-45ED-81CD-53A8C0058F80}.Debug|Any CPU.ActiveCfg = Debug|Any CPU
		{052D5FC7-6884-45ED-81CD-53A8C0058F80}.Debug|Any CPU.Build.0 = Debug|Any CPU
		{052D5FC7-6884-45ED-81CD-53A8C0058F80}.Release|Any CPU.ActiveCfg = Release|Any CPU
		{052D5FC7-6884-45ED-81CD-53A8C0058F80}.Release|Any CPU.Build.0 = Release|Any CPU
		{05E04778-EF8A-49A2-9A70-957556BACE07}.Debug|Any CPU.ActiveCfg = Debug|Any CPU
		{05E04778-EF8A-49A2-9A70-957556BACE07}.Debug|Any CPU.Build.0 = Debug|Any CPU
		{05E04778-EF8A-49A2-9A70-957556BACE07}.Release|Any CPU.ActiveCfg = Release|Any CPU
		{05E04778-EF8A-49A2-9A70-957556BACE07}.Release|Any CPU.Build.0 = Release|Any CPU
		{016B049E-409A-44A6-A1CF-E2E7B573420F}.Debug|Any CPU.ActiveCfg = Debug|Any CPU
		{016B049E-409A-44A6-A1CF-E2E7B573420F}.Debug|Any CPU.Build.0 = Debug|Any CPU
		{016B049E-409A-44A6-A1CF-E2E7B573420F}.Release|Any CPU.ActiveCfg = Release|Any CPU
		{016B049E-409A-44A6-A1CF-E2E7B573420F}.Release|Any CPU.Build.0 = Release|Any CPU
		{FF7A657E-4BB6-4C93-B43A-EA184D355520}.Debug|Any CPU.ActiveCfg = Debug|Any CPU
		{FF7A657E-4BB6-4C93-B43A-EA184D355520}.Debug|Any CPU.Build.0 = Debug|Any CPU
		{FF7A657E-4BB6-4C93-B43A-EA184D355520}.Release|Any CPU.ActiveCfg = Release|Any CPU
		{FF7A657E-4BB6-4C93-B43A-EA184D355520}.Release|Any CPU.Build.0 = Release|Any CPU
	EndGlobalSection
	GlobalSection(SolutionProperties) = preSolution
		HideSolutionNode = FALSE
	EndGlobalSection
	GlobalSection(ExtensibilityGlobals) = postSolution
		SolutionGuid = {EC90FEA3-909D-4BA8-BC7A-19A848FC4567}
	EndGlobalSection
EndGlobal
